
Microsoft Visual Studio Solution File, Format Version 12.00
# Visual Studio Version 16
VisualStudioVersion = 16.0.30204.135
MinimumVisualStudioVersion = 10.0.40219.1
Project("{9A19103F-16F7-4668-BE54-9A1E7A4F7556}") = "TimetableManager.WPF", "TimetableManager.WPF\TimetableManager.WPF.csproj", "{05C55A8A-8DF0-42B7-BECA-605698DA6D1F}"
EndProject
Project("{54435603-DBB4-11D2-8724-00A0C9A8B90C}") = "NewSetupProject", "NewSetupProject\NewSetupProject.vdproj", "{F09B5CCB-202E-4038-AC49-F1E1339E2DC0}"
EndProject
Global
	GlobalSection(SolutionConfigurationPlatforms) = preSolution
		Debug|Any CPU = Debug|Any CPU
		Debug|x64 = Debug|x64
		Debug|x86 = Debug|x86
		Release|Any CPU = Release|Any CPU
		Release|x64 = Release|x64
		Release|x86 = Release|x86
	EndGlobalSection
	GlobalSection(ProjectConfigurationPlatforms) = postSolution
		{05C55A8A-8DF0-42B7-BECA-605698DA6D1F}.Debug|Any CPU.ActiveCfg = Debug|Any CPU
		{05C55A8A-8DF0-42B7-BECA-605698DA6D1F}.Debug|Any CPU.Build.0 = Debug|Any CPU
		{05C55A8A-8DF0-42B7-BECA-605698DA6D1F}.Debug|x64.ActiveCfg = Debug|x64
		{05C55A8A-8DF0-42B7-BECA-605698DA6D1F}.Debug|x64.Build.0 = Debug|x64
		{05C55A8A-8DF0-42B7-BECA-605698DA6D1F}.Debug|x86.ActiveCfg = Debug|x86
		{05C55A8A-8DF0-42B7-BECA-605698DA6D1F}.Debug|x86.Build.0 = Debug|x86
		{05C55A8A-8DF0-42B7-BECA-605698DA6D1F}.Release|Any CPU.ActiveCfg = Release|x86
		{05C55A8A-8DF0-42B7-BECA-605698DA6D1F}.Release|Any CPU.Build.0 = Release|x86
		{05C55A8A-8DF0-42B7-BECA-605698DA6D1F}.Release|x64.ActiveCfg = Release|x64
		{05C55A8A-8DF0-42B7-BECA-605698DA6D1F}.Release|x64.Build.0 = Release|x64
		{05C55A8A-8DF0-42B7-BECA-605698DA6D1F}.Release|x86.ActiveCfg = Release|x86
		{05C55A8A-8DF0-42B7-BECA-605698DA6D1F}.Release|x86.Build.0 = Release|x86
		{F09B5CCB-202E-4038-AC49-F1E1339E2DC0}.Debug|Any CPU.ActiveCfg = Debug
		{F09B5CCB-202E-4038-AC49-F1E1339E2DC0}.Debug|x64.ActiveCfg = Debug
		{F09B5CCB-202E-4038-AC49-F1E1339E2DC0}.Debug|x86.ActiveCfg = Debug
		{F09B5CCB-202E-4038-AC49-F1E1339E2DC0}.Release|Any CPU.ActiveCfg = Release
		{F09B5CCB-202E-4038-AC49-F1E1339E2DC0}.Release|x64.ActiveCfg = Release
		{F09B5CCB-202E-4038-AC49-F1E1339E2DC0}.Release|x86.ActiveCfg = Release
	EndGlobalSection
	GlobalSection(SolutionProperties) = preSolution
		HideSolutionNode = FALSE
	EndGlobalSection
	GlobalSection(ExtensibilityGlobals) = postSolution
		SolutionGuid = {8D7D87FB-4375-4ECE-BE79-B70E6B0FDB21}
	EndGlobalSection
EndGlobal
