
Microsoft Visual Studio Solution File, Format Version 12.00
# Visual Studio Version 16
VisualStudioVersion = 16.0.30204.135
MinimumVisualStudioVersion = 10.0.40219.1
Project("{9A19103F-16F7-4668-BE54-9A1E7A4F7556}") = "TimetableManager.Domain", "TimetableManager.Domain\TimetableManager.Domain.csproj", "{2EFF9233-2CA9-4DC9-94AE-9DC136194A02}"
EndProject
Project("{9A19103F-16F7-4668-BE54-9A1E7A4F7556}") = "TimetableManager.EntityFramework", "TimetableManager.EntityFramework\TimetableManager.EntityFramework.csproj", "{9CF2FE57-B92F-45D6-9EAF-146DCC841148}"
EndProject
Project("{9A19103F-16F7-4668-BE54-9A1E7A4F7556}") = "TimetableManager.WPF", "TimetableManager.WPF\TimetableManager.WPF.csproj", "{05C55A8A-8DF0-42B7-BECA-605698DA6D1F}"
EndProject
Global
	GlobalSection(SolutionConfigurationPlatforms) = preSolution
		Debug|Any CPU = Debug|Any CPU
		Release|Any CPU = Release|Any CPU
	EndGlobalSection
	GlobalSection(ProjectConfigurationPlatforms) = postSolution
		{2EFF9233-2CA9-4DC9-94AE-9DC136194A02}.Debug|Any CPU.ActiveCfg = Debug|Any CPU
		{2EFF9233-2CA9-4DC9-94AE-9DC136194A02}.Debug|Any CPU.Build.0 = Debug|Any CPU
		{2EFF9233-2CA9-4DC9-94AE-9DC136194A02}.Release|Any CPU.ActiveCfg = Release|Any CPU
		{2EFF9233-2CA9-4DC9-94AE-9DC136194A02}.Release|Any CPU.Build.0 = Release|Any CPU
		{9CF2FE57-B92F-45D6-9EAF-146DCC841148}.Debug|Any CPU.ActiveCfg = Debug|Any CPU
		{9CF2FE57-B92F-45D6-9EAF-146DCC841148}.Debug|Any CPU.Build.0 = Debug|Any CPU
		{9CF2FE57-B92F-45D6-9EAF-146DCC841148}.Release|Any CPU.ActiveCfg = Release|Any CPU
		{9CF2FE57-B92F-45D6-9EAF-146DCC841148}.Release|Any CPU.Build.0 = Release|Any CPU
		{05C55A8A-8DF0-42B7-BECA-605698DA6D1F}.Debug|Any CPU.ActiveCfg = Debug|Any CPU
		{05C55A8A-8DF0-42B7-BECA-605698DA6D1F}.Debug|Any CPU.Build.0 = Debug|Any CPU
		{05C55A8A-8DF0-42B7-BECA-605698DA6D1F}.Release|Any CPU.ActiveCfg = Release|Any CPU
		{05C55A8A-8DF0-42B7-BECA-605698DA6D1F}.Release|Any CPU.Build.0 = Release|Any CPU
	EndGlobalSection
	GlobalSection(SolutionProperties) = preSolution
		HideSolutionNode = FALSE
	EndGlobalSection
	GlobalSection(ExtensibilityGlobals) = postSolution
		SolutionGuid = {8D7D87FB-4375-4ECE-BE79-B70E6B0FDB21}
	EndGlobalSection
EndGlobal
